
Microsoft Visual Studio Solution File, Format Version 12.00
# Visual Studio Version 16
VisualStudioVersion = 16.0.31005.135
MinimumVisualStudioVersion = 10.0.40219.1
Project("{FAE04EC0-301F-11D3-BF4B-00C04F79EFBC}") = "QlyNhanVien", "CRUD_Student\QlyNhanVien.csproj", "{A46A134B-B98F-4825-B64C-76F35E5C12B3}"
EndProject
Global
	GlobalSection(SolutionConfigurationPlatforms) = preSolution
		Debug|Any CPU = Debug|Any CPU
		Release|Any CPU = Release|Any CPU
	EndGlobalSection
	GlobalSection(ProjectConfigurationPlatforms) = postSolution
		{A46A134B-B98F-4825-B64C-76F35E5C12B3}.Debug|Any CPU.ActiveCfg = Debug|Any CPU
		{A46A134B-B98F-4825-B64C-76F35E5C12B3}.Debug|Any CPU.Build.0 = Debug|Any CPU
		{A46A134B-B98F-4825-B64C-76F35E5C12B3}.Release|Any CPU.ActiveCfg = Release|Any CPU
		{A46A134B-B98F-4825-B64C-76F35E5C12B3}.Release|Any CPU.Build.0 = Release|Any CPU
	EndGlobalSection
	GlobalSection(SolutionProperties) = preSolution
		HideSolutionNode = FALSE
	EndGlobalSection
	GlobalSection(ExtensibilityGlobals) = postSolution
		SolutionGuid = {F440552D-E6F3-4FEA-8872-E3A51D4EF0DD}
	EndGlobalSection
EndGlobal
